
Microsoft Visual Studio Solution File, Format Version 12.00
# Visual Studio 15
VisualStudioVersion = 15.0.28307.572
MinimumVisualStudioVersion = 10.0.40219.1
Project("{FAE04EC0-301F-11D3-BF4B-00C04F79EFBC}") = "day06", "day06\day06.csproj", "{635FE05A-58F2-4346-A35F-9850FA5611CF}"
EndProject
Global
	GlobalSection(SolutionConfigurationPlatforms) = preSolution
		Debug|Any CPU = Debug|Any CPU
		Release|Any CPU = Release|Any CPU
	EndGlobalSection
	GlobalSection(ProjectConfigurationPlatforms) = postSolution
		{635FE05A-58F2-4346-A35F-9850FA5611CF}.Debug|Any CPU.ActiveCfg = Debug|Any CPU
		{635FE05A-58F2-4346-A35F-9850FA5611CF}.Debug|Any CPU.Build.0 = Debug|Any CPU
		{635FE05A-58F2-4346-A35F-9850FA5611CF}.Release|Any CPU.ActiveCfg = Release|Any CPU
		{635FE05A-58F2-4346-A35F-9850FA5611CF}.Release|Any CPU.Build.0 = Release|Any CPU
	EndGlobalSection
	GlobalSection(SolutionProperties) = preSolution
		HideSolutionNode = FALSE
	EndGlobalSection
	GlobalSection(ExtensibilityGlobals) = postSolution
		SolutionGuid = {3959B849-19BA-40DA-AE8F-532DC0A2A448}
	EndGlobalSection
EndGlobal
